
Microsoft Visual Studio Solution File, Format Version 12.00
# Visual Studio 15
VisualStudioVersion = 15.0.28307.421
MinimumVisualStudioVersion = 10.0.40219.1
Project("{FAE04EC0-301F-11D3-BF4B-00C04F79EFBC}") = "Metrology2", "Metrology2\Metrology2.csproj", "{F1EBEF8A-2DBB-4B90-8B9D-455470DDCBBA}"
EndProject
Global
	GlobalSection(SolutionConfigurationPlatforms) = preSolution
		Debug|Any CPU = Debug|Any CPU
		Debug|x86 = Debug|x86
		Release|Any CPU = Release|Any CPU
		Release|x86 = Release|x86
	EndGlobalSection
	GlobalSection(ProjectConfigurationPlatforms) = postSolution
		{F1EBEF8A-2DBB-4B90-8B9D-455470DDCBBA}.Debug|Any CPU.ActiveCfg = Debug|Any CPU
		{F1EBEF8A-2DBB-4B90-8B9D-455470DDCBBA}.Debug|Any CPU.Build.0 = Debug|Any CPU
		{F1EBEF8A-2DBB-4B90-8B9D-455470DDCBBA}.Debug|x86.ActiveCfg = Debug|x86
		{F1EBEF8A-2DBB-4B90-8B9D-455470DDCBBA}.Debug|x86.Build.0 = Debug|x86
		{F1EBEF8A-2DBB-4B90-8B9D-455470DDCBBA}.Release|Any CPU.ActiveCfg = Release|Any CPU
		{F1EBEF8A-2DBB-4B90-8B9D-455470DDCBBA}.Release|Any CPU.Build.0 = Release|Any CPU
		{F1EBEF8A-2DBB-4B90-8B9D-455470DDCBBA}.Release|x86.ActiveCfg = Release|x86
		{F1EBEF8A-2DBB-4B90-8B9D-455470DDCBBA}.Release|x86.Build.0 = Release|x86
	EndGlobalSection
	GlobalSection(SolutionProperties) = preSolution
		HideSolutionNode = FALSE
	EndGlobalSection
	GlobalSection(ExtensibilityGlobals) = postSolution
		SolutionGuid = {65E9B98A-1DA9-456E-8CF1-1C17C662A442}
	EndGlobalSection
EndGlobal
